
Microsoft Visual Studio Solution File, Format Version 12.00
# Visual Studio 15
VisualStudioVersion = 15.0.26730.12
MinimumVisualStudioVersion = 10.0.40219.1
Project("{FAE04EC0-301F-11D3-BF4B-00C04F79EFBC}") = "Company.Application.UnitTests", "Company.Application.UnitTests\Company.Application.UnitTests.csproj", "{EBA1278E-D8CF-431B-B92C-7795B28B0C79}"
EndProject
Project("{9A19103F-16F7-4668-BE54-9A1E7A4F7556}") = "Company.Application.Logic", "Company.Application.Logic\Company.Application.Logic.csproj", "{A74410C4-96D9-4854-A729-42541C10B286}"
EndProject
Project("{9A19103F-16F7-4668-BE54-9A1E7A4F7556}") = "Company.Application.Infrastructure", "Company.Application.Infrastructure\Company.Application.Infrastructure.csproj", "{233CAD04-7F2E-4370-AA59-3FACE0DCBC00}"
EndProject
Project("{9A19103F-16F7-4668-BE54-9A1E7A4F7556}") = "Company.Application.Models", "Company.Application.Models\Company.Application.Models.csproj", "{033A3BCF-714B-45F5-9146-4E2E943767D1}"
EndProject
Project("{FAE04EC0-301F-11D3-BF4B-00C04F79EFBC}") = "Company.Application.WebApi", "Company.Application.WebApi\Company.Application.WebApi.csproj", "{F16BC226-6D4B-4183-BFEE-E57B81A79307}"
EndProject
Global
	GlobalSection(SolutionConfigurationPlatforms) = preSolution
		Debug|Any CPU = Debug|Any CPU
		Release|Any CPU = Release|Any CPU
	EndGlobalSection
	GlobalSection(ProjectConfigurationPlatforms) = postSolution
		{EBA1278E-D8CF-431B-B92C-7795B28B0C79}.Debug|Any CPU.ActiveCfg = Debug|Any CPU
		{EBA1278E-D8CF-431B-B92C-7795B28B0C79}.Debug|Any CPU.Build.0 = Debug|Any CPU
		{EBA1278E-D8CF-431B-B92C-7795B28B0C79}.Release|Any CPU.ActiveCfg = Release|Any CPU
		{EBA1278E-D8CF-431B-B92C-7795B28B0C79}.Release|Any CPU.Build.0 = Release|Any CPU
		{A74410C4-96D9-4854-A729-42541C10B286}.Debug|Any CPU.ActiveCfg = Debug|Any CPU
		{A74410C4-96D9-4854-A729-42541C10B286}.Debug|Any CPU.Build.0 = Debug|Any CPU
		{A74410C4-96D9-4854-A729-42541C10B286}.Release|Any CPU.ActiveCfg = Release|Any CPU
		{A74410C4-96D9-4854-A729-42541C10B286}.Release|Any CPU.Build.0 = Release|Any CPU
		{233CAD04-7F2E-4370-AA59-3FACE0DCBC00}.Debug|Any CPU.ActiveCfg = Debug|Any CPU
		{233CAD04-7F2E-4370-AA59-3FACE0DCBC00}.Debug|Any CPU.Build.0 = Debug|Any CPU
		{233CAD04-7F2E-4370-AA59-3FACE0DCBC00}.Release|Any CPU.ActiveCfg = Release|Any CPU
		{233CAD04-7F2E-4370-AA59-3FACE0DCBC00}.Release|Any CPU.Build.0 = Release|Any CPU
		{033A3BCF-714B-45F5-9146-4E2E943767D1}.Debug|Any CPU.ActiveCfg = Debug|Any CPU
		{033A3BCF-714B-45F5-9146-4E2E943767D1}.Debug|Any CPU.Build.0 = Debug|Any CPU
		{033A3BCF-714B-45F5-9146-4E2E943767D1}.Release|Any CPU.ActiveCfg = Release|Any CPU
		{033A3BCF-714B-45F5-9146-4E2E943767D1}.Release|Any CPU.Build.0 = Release|Any CPU
		{F16BC226-6D4B-4183-BFEE-E57B81A79307}.Debug|Any CPU.ActiveCfg = Debug|Any CPU
		{F16BC226-6D4B-4183-BFEE-E57B81A79307}.Debug|Any CPU.Build.0 = Debug|Any CPU
		{F16BC226-6D4B-4183-BFEE-E57B81A79307}.Release|Any CPU.ActiveCfg = Release|Any CPU
		{F16BC226-6D4B-4183-BFEE-E57B81A79307}.Release|Any CPU.Build.0 = Release|Any CPU
	EndGlobalSection
	GlobalSection(SolutionProperties) = preSolution
		HideSolutionNode = FALSE
	EndGlobalSection
	GlobalSection(ExtensibilityGlobals) = postSolution
		SolutionGuid = {E11A36D7-70AA-457C-85EF-009805C8821D}
	EndGlobalSection
EndGlobal
